
Microsoft Visual Studio Solution File, Format Version 12.00
# Visual Studio 15
VisualStudioVersion = 15.0.26730.3
MinimumVisualStudioVersion = 10.0.40219.1
Project("{FAE04EC0-301F-11D3-BF4B-00C04F79EFBC}") = "Styles", "Styles\Styles.csproj", "{39223F51-CD66-40EA-AB02-D1AB42A8C131}"
EndProject
Global
	GlobalSection(SolutionConfigurationPlatforms) = preSolution
		Debug|Any CPU = Debug|Any CPU
		Release|Any CPU = Release|Any CPU
	EndGlobalSection
	GlobalSection(ProjectConfigurationPlatforms) = postSolution
		{39223F51-CD66-40EA-AB02-D1AB42A8C131}.Debug|Any CPU.ActiveCfg = Debug|Any CPU
		{39223F51-CD66-40EA-AB02-D1AB42A8C131}.Debug|Any CPU.Build.0 = Debug|Any CPU
		{39223F51-CD66-40EA-AB02-D1AB42A8C131}.Release|Any CPU.ActiveCfg = Release|Any CPU
		{39223F51-CD66-40EA-AB02-D1AB42A8C131}.Release|Any CPU.Build.0 = Release|Any CPU
	EndGlobalSection
	GlobalSection(SolutionProperties) = preSolution
		HideSolutionNode = FALSE
	EndGlobalSection
	GlobalSection(ExtensibilityGlobals) = postSolution
		SolutionGuid = {F328A0AC-B5E5-4BEE-9494-9DF226882093}
	EndGlobalSection
EndGlobal
